{
  "name": "sync-reducers",
  "version": "1.0.0",
  "lockfileVersion": 1,
  "requires": true,
  "dependencies": {
    "@types/uuid": {
      "version": "7.0.2",
      "resolved": "https://registry.npmjs.org/@types/uuid/-/uuid-7.0.2.tgz",
      "integrity": "sha512-8Ly3zIPTnT0/8RCU6Kg/G3uTICf9sRwYOpUzSIM3503tLIKcnJPRuinHhXngJUy2MntrEf6dlpOHXJju90Qh5w==",
      "dev": true
    },
    "@typesafe-store/cli": {
      "version": "file:../..",
      "requires": {
        "@mojotech/json-type-validation": "^3.1.0",
        "case": "^1.6.2",
        "chalk": "^3.0.0",
        "lodash": "^4.17.15",
        "node-fetch": "^2.6.0",
        "tsutils": "^3.17.1"
      },
      "dependencies": {
        "@mojotech/json-type-validation": {
          "version": "3.1.0",
          "resolved": "https://registry.npmjs.org/@mojotech/json-type-validation/-/json-type-validation-3.1.0.tgz",
          "integrity": "sha512-ThH2EbHEUCPMHhXAtmYcDi0gmV+PZak4uvuWBMiBDqUuz7gGQUrsE5o1J6kKNLDX5cXAPqsfJ7uTfTcNdCDXxA==",
          "requires": {
            "lodash.isequal": "^4.5.0"
          }
        },
        "@types/color-name": {
          "version": "1.1.1",
          "resolved": "https://registry.npmjs.org/@types/color-name/-/color-name-1.1.1.tgz",
          "integrity": "sha512-rr+OQyAjxze7GgWrSaJwydHStIhHq2lvY3BOC2Mj7KnzI7XK0Uw1TOOdI9lDoajEbSWLiYgoo4f1R51erQfhPQ=="
        },
        "ansi-styles": {
          "version": "4.2.1",
          "requires": {
            "@types/color-name": "^1.1.1",
            "color-convert": "^2.0.1"
          }
        },
        "case": {
          "version": "1.6.3",
          "resolved": "https://registry.npmjs.org/case/-/case-1.6.3.tgz",
          "integrity": "sha512-mzDSXIPaFwVDvZAHqZ9VlbyF4yyXRuX6IvB06WvPYkqJVO24kX1PPhv9bfpKNFZyxYFmmgo03HUiD8iklmJYRQ=="
        },
        "chalk": {
          "version": "3.0.0",
          "requires": {
            "ansi-styles": "^4.1.0",
            "supports-color": "^7.1.0"
          }
        },
        "color-convert": {
          "version": "2.0.1",
          "requires": {
            "color-name": "~1.1.4"
          }
        },
        "color-name": {
          "version": "1.1.4"
        },
        "has-flag": {
          "version": "4.0.0"
        },
        "lodash": {
          "version": "4.17.15",
          "resolved": "https://registry.npmjs.org/lodash/-/lodash-4.17.15.tgz",
          "integrity": "sha512-8xOcRHvCjnocdS5cpwXQXVzmmh5e5+saE2QGoeQmbKmRS6J3VQppPOIt0MnmE+4xlZoumy0GPG0D0MVIQbNA1A=="
        },
        "lodash.isequal": {
          "version": "4.5.0",
          "resolved": "https://registry.npmjs.org/lodash.isequal/-/lodash.isequal-4.5.0.tgz",
          "integrity": "sha1-QVxEePK8wwEgwizhDtMib30+GOA="
        },
        "node-fetch": {
          "version": "2.6.0",
          "resolved": "https://registry.npmjs.org/node-fetch/-/node-fetch-2.6.0.tgz",
          "integrity": "sha512-8dG4H5ujfvFiqDmVu9fQ5bOHUC15JMjMY/Zumv26oOvvVJjM67KF8koCWIabKQ1GJIa9r2mMZscBq/TbdOcmNA=="
        },
        "supports-color": {
          "version": "7.1.0",
          "requires": {
            "has-flag": "^4.0.0"
          }
        },
        "tslib": {
          "version": "1.11.1",
          "resolved": "https://registry.npmjs.org/tslib/-/tslib-1.11.1.tgz",
          "integrity": "sha512-aZW88SY8kQbU7gpV19lN24LtXh/yD4ZZg6qieAJDDg+YBsJcSmLGK9QpnUjAKVG/xefmvJGd1WUmfpT/g6AJGA=="
        },
        "tsutils": {
          "version": "3.17.1",
          "resolved": "https://registry.npmjs.org/tsutils/-/tsutils-3.17.1.tgz",
          "integrity": "sha512-kzeQ5B8H3w60nFY2g8cJIuH7JDpsALXySGtwGJ0p2LSjLgay3NdIpqq5SoOBe46bKDW2iq25irHCr8wjomUS2g==",
          "requires": {
            "tslib": "^1.8.1"
          }
        }
      }
    },
    "@typesafe-store/store": {
      "version": "file:../../../store"
    },
    "ts-utils": {
      "version": "6.0.7",
      "resolved": "https://registry.npmjs.org/ts-utils/-/ts-utils-6.0.7.tgz",
      "integrity": "sha512-075y37Hi8+zGHKAxupQOXdpHPeZV0DcO17cirZrWxSiT1axpdqQB0n3c1IYX/zKbhsLeIWsBeR1OpYqCPmRHHw==",
      "dev": true
    },
    "typescript": {
      "version": "3.8.3",
      "resolved": "https://registry.npmjs.org/typescript/-/typescript-3.8.3.tgz",
      "integrity": "sha512-MYlEfn5VrLNsgudQTVJeNaQFUAI7DkhnOjdpAp4T+ku1TfQClewlbSuTVHiA+8skNBgaf02TL/kLOvig4y3G8w==",
      "dev": true
    },
    "uuid": {
      "version": "7.0.3",
      "resolved": "https://registry.npmjs.org/uuid/-/uuid-7.0.3.tgz",
      "integrity": "sha512-DPSke0pXhTZgoF/d+WSt2QaKMCFSfx7QegxEWT+JOuHF5aWrKEn0G+ztjuJg/gG8/ItK+rbPCD/yNv8yyih6Cg=="
    }
  }
}
